
Microsoft Visual Studio Solution File, Format Version 12.00
# Visual Studio 15
VisualStudioVersion = 15.0.26228.9
MinimumVisualStudioVersion = 10.0.40219.1
Project("{FAE04EC0-301F-11D3-BF4B-00C04F79EFBC}") = "LMS", "LMS\LMS.csproj", "{A1EEFC11-831E-43F0-B53E-EF63BA305538}"
EndProject
Project("{2150E333-8FDC-42A3-9474-1A3956D46DE8}") = "DAL", "DAL", "{C29B8669-2817-4F7D-ACDB-0B1CE2B1313E}"
EndProject
Project("{FAE04EC0-301F-11D3-BF4B-00C04F79EFBC}") = "LMS.DomainModel", "LMS.DomainModel\LMS.DomainModel.csproj", "{924F18BD-D1F1-48BC-AD00-FC3B5ADA3B3C}"
EndProject
Global
	GlobalSection(SolutionConfigurationPlatforms) = preSolution
		Debug|Any CPU = Debug|Any CPU
		Release|Any CPU = Release|Any CPU
	EndGlobalSection
	GlobalSection(ProjectConfigurationPlatforms) = postSolution
		{A1EEFC11-831E-43F0-B53E-EF63BA305538}.Debug|Any CPU.ActiveCfg = Debug|Any CPU
		{A1EEFC11-831E-43F0-B53E-EF63BA305538}.Debug|Any CPU.Build.0 = Debug|Any CPU
		{A1EEFC11-831E-43F0-B53E-EF63BA305538}.Release|Any CPU.ActiveCfg = Release|Any CPU
		{A1EEFC11-831E-43F0-B53E-EF63BA305538}.Release|Any CPU.Build.0 = Release|Any CPU
		{924F18BD-D1F1-48BC-AD00-FC3B5ADA3B3C}.Debug|Any CPU.ActiveCfg = Debug|Any CPU
		{924F18BD-D1F1-48BC-AD00-FC3B5ADA3B3C}.Debug|Any CPU.Build.0 = Debug|Any CPU
		{924F18BD-D1F1-48BC-AD00-FC3B5ADA3B3C}.Release|Any CPU.ActiveCfg = Release|Any CPU
		{924F18BD-D1F1-48BC-AD00-FC3B5ADA3B3C}.Release|Any CPU.Build.0 = Release|Any CPU
	EndGlobalSection
	GlobalSection(SolutionProperties) = preSolution
		HideSolutionNode = FALSE
	EndGlobalSection
	GlobalSection(NestedProjects) = preSolution
		{924F18BD-D1F1-48BC-AD00-FC3B5ADA3B3C} = {C29B8669-2817-4F7D-ACDB-0B1CE2B1313E}
	EndGlobalSection
EndGlobal
